lockfileVersion: '9.0'

settings:
  autoInstallPeers: true
  excludeLinksFromLockfile: false

importers:

  .:
    dependencies:
      '@hono/node-server':
        specifier: ^2.0.0
        version: 2.0.5(hono@4.12.26)
      hono:
        specifier: ^4.12.12
        version: 4.12.26

packages:

  '@hono/node-server@2.0.5':
    resolution: {integrity: sha512-yQFvDmyDo3y6rEOJZDUYPJ49DIKTPpIk4kGvm40xx4Ejne0Pu9a1+exxPN+C1UppWK/WGZX9F++/Xs231tE86g==}
    engines: {node: '>=20'}
    peerDependencies:
      hono: ^4

  hono@4.12.26:
    resolution: {integrity: sha512-uyZtpnYxM9CmQ7QsQknM4zN8EftNqhON1qYeIKM0Se67CCEe2c44xyGURwB0axX2fBDu1dqHrHAc1hmNT8ITkw==}
    engines: {node: '>=16.9.0'}

snapshots:

  '@hono/node-server@2.0.5(hono@4.12.26)':
    dependencies:
      hono: 4.12.26

  hono@4.12.26: {}
